
Microsoft Visual Studio Solution File, Format Version 12.00
# Visual Studio 15
VisualStudioVersion = 15.0.27130.2036
MinimumVisualStudioVersion = 10.0.40219.1
Project("{FAE04EC0-301F-11D3-BF4B-00C04F79EFBC}") = "HogwardsUniversity", "HogwardsUniversity\HogwardsUniversity.csproj", "{105BD053-E859-43CF-BBB3-B093A0243B9B}"
EndProject
Global
	GlobalSection(SolutionConfigurationPlatforms) = preSolution
		Debug|Any CPU = Debug|Any CPU
		Release|Any CPU = Release|Any CPU
	EndGlobalSection
	GlobalSection(ProjectConfigurationPlatforms) = postSolution
		{105BD053-E859-43CF-BBB3-B093A0243B9B}.Debug|Any CPU.ActiveCfg = Debug|Any CPU
		{105BD053-E859-43CF-BBB3-B093A0243B9B}.Debug|Any CPU.Build.0 = Debug|Any CPU
		{105BD053-E859-43CF-BBB3-B093A0243B9B}.Release|Any CPU.ActiveCfg = Release|Any CPU
		{105BD053-E859-43CF-BBB3-B093A0243B9B}.Release|Any CPU.Build.0 = Release|Any CPU
	EndGlobalSection
	GlobalSection(SolutionProperties) = preSolution
		HideSolutionNode = FALSE
	EndGlobalSection
	GlobalSection(ExtensibilityGlobals) = postSolution
		SolutionGuid = {CC176CF1-17B3-4E69-B7A4-FA8804B7F7FE}
	EndGlobalSection
EndGlobal
